
Microsoft Visual Studio Solution File, Format Version 12.00
# Visual Studio 14
VisualStudioVersion = 14.0.24720.0
MinimumVisualStudioVersion = 10.0.40219.1
Project("{FAE04EC0-301F-11D3-BF4B-00C04F79EFBC}") = "ChatFirst.Hack.Standups", "ChatFirst.Hack.Standups\ChatFirst.Hack.Standups.csproj", "{A2DC625C-B7E2-49B3-AFAD-27A098FD6A0F}"
EndProject
Project("{FAE04EC0-301F-11D3-BF4B-00C04F79EFBC}") = "ChatFirst.Hack.Standup.Tests", "ChatFirst.Hack.Standup.Tests\ChatFirst.Hack.Standup.Tests.csproj", "{EE802F5B-1943-42FA-BFE5-F29B31EB787C}"
EndProject
Global
	GlobalSection(SolutionConfigurationPlatforms) = preSolution
		Debug|Any CPU = Debug|Any CPU
		Release|Any CPU = Release|Any CPU
	EndGlobalSection
	GlobalSection(ProjectConfigurationPlatforms) = postSolution
		{A2DC625C-B7E2-49B3-AFAD-27A098FD6A0F}.Debug|Any CPU.ActiveCfg = Debug|Any CPU
		{A2DC625C-B7E2-49B3-AFAD-27A098FD6A0F}.Debug|Any CPU.Build.0 = Debug|Any CPU
		{A2DC625C-B7E2-49B3-AFAD-27A098FD6A0F}.Release|Any CPU.ActiveCfg = Release|Any CPU
		{A2DC625C-B7E2-49B3-AFAD-27A098FD6A0F}.Release|Any CPU.Build.0 = Release|Any CPU
		{EE802F5B-1943-42FA-BFE5-F29B31EB787C}.Debug|Any CPU.ActiveCfg = Debug|Any CPU
		{EE802F5B-1943-42FA-BFE5-F29B31EB787C}.Debug|Any CPU.Build.0 = Debug|Any CPU
		{EE802F5B-1943-42FA-BFE5-F29B31EB787C}.Release|Any CPU.ActiveCfg = Release|Any CPU
		{EE802F5B-1943-42FA-BFE5-F29B31EB787C}.Release|Any CPU.Build.0 = Release|Any CPU
	EndGlobalSection
	GlobalSection(SolutionProperties) = preSolution
		HideSolutionNode = FALSE
	EndGlobalSection
EndGlobal
